
Microsoft Visual Studio Solution File, Format Version 12.00
# Visual Studio 14
VisualStudioVersion = 14.0.25420.1
MinimumVisualStudioVersion = 10.0.40219.1
Project("{FAE04EC0-301F-11D3-BF4B-00C04F79EFBC}") = "AcessoBancoDados", "AcessoBancoDados\AcessoBancoDados.csproj", "{969C7521-7FEC-4FA6-A276-D84DE83476FE}"
EndProject
Project("{FAE04EC0-301F-11D3-BF4B-00C04F79EFBC}") = "Negocio", "Negocio\Negocio.csproj", "{9B778FC3-1C0C-4DF9-8F79-761A841EF8EA}"
EndProject
Project("{FAE04EC0-301F-11D3-BF4B-00C04F79EFBC}") = "ObjetoTransferencia", "ObjetoTransferencia\ObjetoTransferencia.csproj", "{82FD8C19-7E6C-4C69-807F-B6741FEC819B}"
EndProject
Project("{FAE04EC0-301F-11D3-BF4B-00C04F79EFBC}") = "Apresentacao", "Apresentacao\Apresentacao.csproj", "{DFFAD004-EF27-4931-BC10-2CDAEECDE271}"
EndProject
Global
	GlobalSection(SolutionConfigurationPlatforms) = preSolution
		Debug|Any CPU = Debug|Any CPU
		Release|Any CPU = Release|Any CPU
	EndGlobalSection
	GlobalSection(ProjectConfigurationPlatforms) = postSolution
		{969C7521-7FEC-4FA6-A276-D84DE83476FE}.Debug|Any CPU.ActiveCfg = Debug|Any CPU
		{969C7521-7FEC-4FA6-A276-D84DE83476FE}.Debug|Any CPU.Build.0 = Debug|Any CPU
		{969C7521-7FEC-4FA6-A276-D84DE83476FE}.Release|Any CPU.ActiveCfg = Release|Any CPU
		{969C7521-7FEC-4FA6-A276-D84DE83476FE}.Release|Any CPU.Build.0 = Release|Any CPU
		{9B778FC3-1C0C-4DF9-8F79-761A841EF8EA}.Debug|Any CPU.ActiveCfg = Debug|Any CPU
		{9B778FC3-1C0C-4DF9-8F79-761A841EF8EA}.Debug|Any CPU.Build.0 = Debug|Any CPU
		{9B778FC3-1C0C-4DF9-8F79-761A841EF8EA}.Release|Any CPU.ActiveCfg = Release|Any CPU
		{9B778FC3-1C0C-4DF9-8F79-761A841EF8EA}.Release|Any CPU.Build.0 = Release|Any CPU
		{82FD8C19-7E6C-4C69-807F-B6741FEC819B}.Debug|Any CPU.ActiveCfg = Debug|Any CPU
		{82FD8C19-7E6C-4C69-807F-B6741FEC819B}.Debug|Any CPU.Build.0 = Debug|Any CPU
		{82FD8C19-7E6C-4C69-807F-B6741FEC819B}.Release|Any CPU.ActiveCfg = Release|Any CPU
		{82FD8C19-7E6C-4C69-807F-B6741FEC819B}.Release|Any CPU.Build.0 = Release|Any CPU
		{DFFAD004-EF27-4931-BC10-2CDAEECDE271}.Debug|Any CPU.ActiveCfg = Debug|Any CPU
		{DFFAD004-EF27-4931-BC10-2CDAEECDE271}.Debug|Any CPU.Build.0 = Debug|Any CPU
		{DFFAD004-EF27-4931-BC10-2CDAEECDE271}.Release|Any CPU.ActiveCfg = Release|Any CPU
		{DFFAD004-EF27-4931-BC10-2CDAEECDE271}.Release|Any CPU.Build.0 = Release|Any CPU
	EndGlobalSection
	GlobalSection(SolutionProperties) = preSolution
		HideSolutionNode = FALSE
	EndGlobalSection
EndGlobal
